
Microsoft Visual Studio Solution File, Format Version 12.00
# Visual Studio Version 17
VisualStudioVersion = 17.12.35514.174
MinimumVisualStudioVersion = 10.0.40219.1
Project("{2150E333-8FDC-42A3-9474-1A3956D46DE8}") = "Tests", "Tests", "{E236737E-B1D2-4CAD-B93C-C06B7942A3C3}"
EndProject
Project("{2150E333-8FDC-42A3-9474-1A3956D46DE8}") = "Dependencies", "Dependencies", "{76531FC2-513B-4F35-9D0A-03B545374308}"
EndProject
Project("{9A19103F-16F7-4668-BE54-9A1E7A4F7556}") = "Catalog", "Catalog\Catalog.csproj", "{5ABE1F97-5A9B-4C6C-B824-7F93CDA9BFC7}"
EndProject
Project("{2150E333-8FDC-42A3-9474-1A3956D46DE8}") = "Web", "Web", "{65C83AF8-DBA4-4CFE-9468-306C09034EBF}"
EndProject
Project("{9A19103F-16F7-4668-BE54-9A1E7A4F7556}") = "VijaySalesAPI", "VijaySalesAPI\VijaySalesAPI.csproj", "{BF469DA4-CECB-49D0-9AE0-850822C8CCA9}"
EndProject
Project("{9A19103F-16F7-4668-BE54-9A1E7A4F7556}") = "VijaySalesPortal", "VijaySalesPortal\VijaySalesPortal.csproj", "{DCCAD766-0833-4DB8-AA27-37ABBA201DAC}"
EndProject
Project("{9A19103F-16F7-4668-BE54-9A1E7A4F7556}") = "ShoppingCartTest", "ShoppingCartTest\ShoppingCartTest.csproj", "{2D1D0BFB-8CF1-40E0-B179-B7C8C6EA7655}"
EndProject
Project("{9A19103F-16F7-4668-BE54-9A1E7A4F7556}") = "OrderProcessingTestApp", "OrderProcessingTestApp\OrderProcessingTestApp.csproj", "{9DBEA530-55B8-4CB7-A2D0-B7EB1FD22252}"
EndProject
Project("{9A19103F-16F7-4668-BE54-9A1E7A4F7556}") = "OrderProcessing", "OrderProcessing\OrderProcessing.csproj", "{D6049755-306B-4734-9C21-DCBDE528ECB7}"
EndProject
Project("{9A19103F-16F7-4668-BE54-9A1E7A4F7556}") = "Security", "Security\Security.csproj", "{184910FD-0B96-4DC4-8598-A078069319B8}"
EndProject
Project("{9A19103F-16F7-4668-BE54-9A1E7A4F7556}") = "ShipmentTest", "ShipmentTest\ShipmentTest.csproj", "{D0E7EFD2-C8B8-4FC8-9FAB-2AE2242243C4}"
EndProject
Project("{9A19103F-16F7-4668-BE54-9A1E7A4F7556}") = "ShipmentLib", "Shipment\ShipmentLib.csproj", "{897EA8E2-E435-4C9E-93AD-DB98135026A1}"
EndProject
Project("{9A19103F-16F7-4668-BE54-9A1E7A4F7556}") = "CRM", "CRM\CRM.csproj", "{DEE13F73-805C-4999-8B11-CD206E967F82}"
EndProject
Project("{9A19103F-16F7-4668-BE54-9A1E7A4F7556}") = "ORMTestApp", "ORMTestApp\ORMTestApp.csproj", "{1DB406F9-30FD-4ADD-9063-58B99C0F7C28}"
EndProject
Project("{9A19103F-16F7-4668-BE54-9A1E7A4F7556}") = "ProductCatalogueTest", "ProductCatalogueTest\ProductCatalogueTest.csproj", "{C4F92240-9552-4697-8B37-81E3E41A77A5}"
EndProject
Project("{9A19103F-16F7-4668-BE54-9A1E7A4F7556}") = "ShipmentMVCTest", "ShipmentMVCTest\ShipmentMVCTest.csproj", "{5DB96325-8B7F-4FA9-A1D7-3C076B1BFC2A}"
EndProject
Project("{9A19103F-16F7-4668-BE54-9A1E7A4F7556}") = "ShoppingCart", "ShoppingCart\ShoppingCart.csproj", "{2DF4A270-A61A-4998-A556-592BB823FF3E}"
EndProject
Project("{9A19103F-16F7-4668-BE54-9A1E7A4F7556}") = "Shipment", "Shipment\Shipment.csproj", "{D5FE931E-0A2C-4D29-9666-41C2F70467D4}"
EndProject
Global
	GlobalSection(SolutionConfigurationPlatforms) = preSolution
		Debug|Any CPU = Debug|Any CPU
		Release|Any CPU = Release|Any CPU
	EndGlobalSection
	GlobalSection(ProjectConfigurationPlatforms) = postSolution
		{5ABE1F97-5A9B-4C6C-B824-7F93CDA9BFC7}.Debug|Any CPU.ActiveCfg = Debug|Any CPU
		{5ABE1F97-5A9B-4C6C-B824-7F93CDA9BFC7}.Debug|Any CPU.Build.0 = Debug|Any CPU
		{5ABE1F97-5A9B-4C6C-B824-7F93CDA9BFC7}.Release|Any CPU.ActiveCfg = Release|Any CPU
		{5ABE1F97-5A9B-4C6C-B824-7F93CDA9BFC7}.Release|Any CPU.Build.0 = Release|Any CPU
		{BF469DA4-CECB-49D0-9AE0-850822C8CCA9}.Debug|Any CPU.ActiveCfg = Debug|Any CPU
		{BF469DA4-CECB-49D0-9AE0-850822C8CCA9}.Debug|Any CPU.Build.0 = Debug|Any CPU
		{BF469DA4-CECB-49D0-9AE0-850822C8CCA9}.Release|Any CPU.ActiveCfg = Release|Any CPU
		{BF469DA4-CECB-49D0-9AE0-850822C8CCA9}.Release|Any CPU.Build.0 = Release|Any CPU
		{DCCAD766-0833-4DB8-AA27-37ABBA201DAC}.Debug|Any CPU.ActiveCfg = Debug|Any CPU
		{DCCAD766-0833-4DB8-AA27-37ABBA201DAC}.Debug|Any CPU.Build.0 = Debug|Any CPU
		{DCCAD766-0833-4DB8-AA27-37ABBA201DAC}.Release|Any CPU.ActiveCfg = Release|Any CPU
		{DCCAD766-0833-4DB8-AA27-37ABBA201DAC}.Release|Any CPU.Build.0 = Release|Any CPU
		{2D1D0BFB-8CF1-40E0-B179-B7C8C6EA7655}.Debug|Any CPU.ActiveCfg = Debug|Any CPU
		{2D1D0BFB-8CF1-40E0-B179-B7C8C6EA7655}.Debug|Any CPU.Build.0 = Debug|Any CPU
		{2D1D0BFB-8CF1-40E0-B179-B7C8C6EA7655}.Release|Any CPU.ActiveCfg = Release|Any CPU
		{2D1D0BFB-8CF1-40E0-B179-B7C8C6EA7655}.Release|Any CPU.Build.0 = Release|Any CPU
		{9DBEA530-55B8-4CB7-A2D0-B7EB1FD22252}.Debug|Any CPU.ActiveCfg = Debug|Any CPU
		{9DBEA530-55B8-4CB7-A2D0-B7EB1FD22252}.Debug|Any CPU.Build.0 = Debug|Any CPU
		{9DBEA530-55B8-4CB7-A2D0-B7EB1FD22252}.Release|Any CPU.ActiveCfg = Release|Any CPU
		{9DBEA530-55B8-4CB7-A2D0-B7EB1FD22252}.Release|Any CPU.Build.0 = Release|Any CPU
		{D6049755-306B-4734-9C21-DCBDE528ECB7}.Debug|Any CPU.ActiveCfg = Debug|Any CPU
		{D6049755-306B-4734-9C21-DCBDE528ECB7}.Debug|Any CPU.Build.0 = Debug|Any CPU
		{D6049755-306B-4734-9C21-DCBDE528ECB7}.Release|Any CPU.ActiveCfg = Release|Any CPU
		{D6049755-306B-4734-9C21-DCBDE528ECB7}.Release|Any CPU.Build.0 = Release|Any CPU
		{184910FD-0B96-4DC4-8598-A078069319B8}.Debug|Any CPU.ActiveCfg = Debug|Any CPU
		{184910FD-0B96-4DC4-8598-A078069319B8}.Debug|Any CPU.Build.0 = Debug|Any CPU
		{184910FD-0B96-4DC4-8598-A078069319B8}.Release|Any CPU.ActiveCfg = Release|Any CPU
		{184910FD-0B96-4DC4-8598-A078069319B8}.Release|Any CPU.Build.0 = Release|Any CPU
		{D0E7EFD2-C8B8-4FC8-9FAB-2AE2242243C4}.Debug|Any CPU.ActiveCfg = Debug|Any CPU
		{D0E7EFD2-C8B8-4FC8-9FAB-2AE2242243C4}.Debug|Any CPU.Build.0 = Debug|Any CPU
		{D0E7EFD2-C8B8-4FC8-9FAB-2AE2242243C4}.Release|Any CPU.ActiveCfg = Release|Any CPU
		{D0E7EFD2-C8B8-4FC8-9FAB-2AE2242243C4}.Release|Any CPU.Build.0 = Release|Any CPU
		{897EA8E2-E435-4C9E-93AD-DB98135026A1}.Debug|Any CPU.ActiveCfg = Debug|Any CPU
		{897EA8E2-E435-4C9E-93AD-DB98135026A1}.Debug|Any CPU.Build.0 = Debug|Any CPU
		{897EA8E2-E435-4C9E-93AD-DB98135026A1}.Release|Any CPU.ActiveCfg = Release|Any CPU
		{897EA8E2-E435-4C9E-93AD-DB98135026A1}.Release|Any CPU.Build.0 = Release|Any CPU
		{DEE13F73-805C-4999-8B11-CD206E967F82}.Debug|Any CPU.ActiveCfg = Debug|Any CPU
		{DEE13F73-805C-4999-8B11-CD206E967F82}.Debug|Any CPU.Build.0 = Debug|Any CPU
		{DEE13F73-805C-4999-8B11-CD206E967F82}.Release|Any CPU.ActiveCfg = Release|Any CPU
		{DEE13F73-805C-4999-8B11-CD206E967F82}.Release|Any CPU.Build.0 = Release|Any CPU
		{1DB406F9-30FD-4ADD-9063-58B99C0F7C28}.Debug|Any CPU.ActiveCfg = Debug|Any CPU
		{1DB406F9-30FD-4ADD-9063-58B99C0F7C28}.Debug|Any CPU.Build.0 = Debug|Any CPU
		{1DB406F9-30FD-4ADD-9063-58B99C0F7C28}.Release|Any CPU.ActiveCfg = Release|Any CPU
		{1DB406F9-30FD-4ADD-9063-58B99C0F7C28}.Release|Any CPU.Build.0 = Release|Any CPU
		{C4F92240-9552-4697-8B37-81E3E41A77A5}.Debug|Any CPU.ActiveCfg = Debug|Any CPU
		{C4F92240-9552-4697-8B37-81E3E41A77A5}.Debug|Any CPU.Build.0 = Debug|Any CPU
		{C4F92240-9552-4697-8B37-81E3E41A77A5}.Release|Any CPU.ActiveCfg = Release|Any CPU
		{C4F92240-9552-4697-8B37-81E3E41A77A5}.Release|Any CPU.Build.0 = Release|Any CPU
		{5DB96325-8B7F-4FA9-A1D7-3C076B1BFC2A}.Debug|Any CPU.ActiveCfg = Debug|Any CPU
		{5DB96325-8B7F-4FA9-A1D7-3C076B1BFC2A}.Debug|Any CPU.Build.0 = Debug|Any CPU
		{5DB96325-8B7F-4FA9-A1D7-3C076B1BFC2A}.Release|Any CPU.ActiveCfg = Release|Any CPU
		{5DB96325-8B7F-4FA9-A1D7-3C076B1BFC2A}.Release|Any CPU.Build.0 = Release|Any CPU
		{2DF4A270-A61A-4998-A556-592BB823FF3E}.Debug|Any CPU.ActiveCfg = Debug|Any CPU
		{2DF4A270-A61A-4998-A556-592BB823FF3E}.Debug|Any CPU.Build.0 = Debug|Any CPU
		{2DF4A270-A61A-4998-A556-592BB823FF3E}.Release|Any CPU.ActiveCfg = Release|Any CPU
		{2DF4A270-A61A-4998-A556-592BB823FF3E}.Release|Any CPU.Build.0 = Release|Any CPU
		{D5FE931E-0A2C-4D29-9666-41C2F70467D4}.Debug|Any CPU.ActiveCfg = Debug|Any CPU
		{D5FE931E-0A2C-4D29-9666-41C2F70467D4}.Debug|Any CPU.Build.0 = Debug|Any CPU
		{D5FE931E-0A2C-4D29-9666-41C2F70467D4}.Release|Any CPU.ActiveCfg = Release|Any CPU
		{D5FE931E-0A2C-4D29-9666-41C2F70467D4}.Release|Any CPU.Build.0 = Release|Any CPU
	EndGlobalSection
	GlobalSection(SolutionProperties) = preSolution
		HideSolutionNode = FALSE
	EndGlobalSection
	GlobalSection(NestedProjects) = preSolution
		{5ABE1F97-5A9B-4C6C-B824-7F93CDA9BFC7} = {76531FC2-513B-4F35-9D0A-03B545374308}
		{BF469DA4-CECB-49D0-9AE0-850822C8CCA9} = {65C83AF8-DBA4-4CFE-9468-306C09034EBF}
		{DCCAD766-0833-4DB8-AA27-37ABBA201DAC} = {65C83AF8-DBA4-4CFE-9468-306C09034EBF}
		{2D1D0BFB-8CF1-40E0-B179-B7C8C6EA7655} = {E236737E-B1D2-4CAD-B93C-C06B7942A3C3}
		{9DBEA530-55B8-4CB7-A2D0-B7EB1FD22252} = {E236737E-B1D2-4CAD-B93C-C06B7942A3C3}
		{D6049755-306B-4734-9C21-DCBDE528ECB7} = {76531FC2-513B-4F35-9D0A-03B545374308}
		{184910FD-0B96-4DC4-8598-A078069319B8} = {76531FC2-513B-4F35-9D0A-03B545374308}
		{D0E7EFD2-C8B8-4FC8-9FAB-2AE2242243C4} = {E236737E-B1D2-4CAD-B93C-C06B7942A3C3}
		{DEE13F73-805C-4999-8B11-CD206E967F82} = {76531FC2-513B-4F35-9D0A-03B545374308}
		{1DB406F9-30FD-4ADD-9063-58B99C0F7C28} = {E236737E-B1D2-4CAD-B93C-C06B7942A3C3}
		{C4F92240-9552-4697-8B37-81E3E41A77A5} = {E236737E-B1D2-4CAD-B93C-C06B7942A3C3}
		{5DB96325-8B7F-4FA9-A1D7-3C076B1BFC2A} = {E236737E-B1D2-4CAD-B93C-C06B7942A3C3}
		{2DF4A270-A61A-4998-A556-592BB823FF3E} = {76531FC2-513B-4F35-9D0A-03B545374308}
	EndGlobalSection
	GlobalSection(ExtensibilityGlobals) = postSolution
		SolutionGuid = {517D2181-39AB-4105-8929-FAABF2E885E5}
	EndGlobalSection
EndGlobal
