
Microsoft Visual Studio Solution File, Format Version 12.00
# Visual Studio Version 17
VisualStudioVersion = 17.10.34916.146
MinimumVisualStudioVersion = 10.0.40219.1
Project("{FAE04EC0-301F-11D3-BF4B-00C04F79EFBC}") = "Catalog", "Catalog\Catalog.csproj", "{0A36CF2D-E6CB-4D7A-91B3-314E6A3A21F7}"
EndProject
Project("{FAE04EC0-301F-11D3-BF4B-00C04F79EFBC}") = "CRM", "CRM\CRM.csproj", "{F6F6700C-CBC3-42C6-8B8E-778A091A26BB}"
EndProject
Project("{FAE04EC0-301F-11D3-BF4B-00C04F79EFBC}") = "OrderProcessing", "OrderProcessing\OrderProcessing.csproj", "{5BB6BAD0-684D-4A42-994A-256E7E4F7D99}"
EndProject
Project("{FAE04EC0-301F-11D3-BF4B-00C04F79EFBC}") = "ECommerceTest", "ECommerceTest\ECommerceTest.csproj", "{D58822B3-E77D-4887-BF83-5EE3C6A153BF}"
EndProject
Project("{FAE04EC0-301F-11D3-BF4B-00C04F79EFBC}") = "ECommerceWeb", "ECommerceWeb\ECommerceWeb.csproj", "{3A002612-0C45-4AA2-A94D-6666FDC3D13D}"
EndProject
Project("{FAE04EC0-301F-11D3-BF4B-00C04F79EFBC}") = "ShoppingCart", "ShoppingCart\ShoppingCart.csproj", "{FEC1A988-701A-442F-92A4-D1AAC141A527}"
EndProject
Project("{FAE04EC0-301F-11D3-BF4B-00C04F79EFBC}") = "Membership", "Membership\Membership.csproj", "{35893171-0EE1-4624-8328-9A558F448A43}"
EndProject
Project("{FAE04EC0-301F-11D3-BF4B-00C04F79EFBC}") = "CSharpFeatureApp", "CSharpFeatureApp\CSharpFeatureApp.csproj", "{3BF02451-BAD0-4302-BF18-0049FA0DD430}"
EndProject
Project("{FAE04EC0-301F-11D3-BF4B-00C04F79EFBC}") = "Banking", "Banking\Banking.csproj", "{3C738099-DBFE-4F3F-961A-6C2880B3E6C9}"
EndProject
Project("{FAE04EC0-301F-11D3-BF4B-00C04F79EFBC}") = "Taxation", "Taxation\Taxation.csproj", "{4F3A587B-1702-484D-9ACD-B86E162D854D}"
EndProject
Project("{FAE04EC0-301F-11D3-BF4B-00C04F79EFBC}") = "Penalty", "Penalty\Penalty.csproj", "{FD1D1DB8-2472-4F6F-8E44-EAE0CB730839}"
EndProject
Project("{FAE04EC0-301F-11D3-BF4B-00C04F79EFBC}") = "Delegation", "Delegation\Delegation.csproj", "{E6E2EF04-2D59-4ABD-8454-8A7DEE3A79C7}"
EndProject
Project("{FAE04EC0-301F-11D3-BF4B-00C04F79EFBC}") = "Specification", "Specification\Specification.csproj", "{C4B3F2B3-A6DD-4764-8A11-10F407EB2611}"
EndProject
Project("{FAE04EC0-301F-11D3-BF4B-00C04F79EFBC}") = "ECommerceEntities", "POCOLib\ECommerceEntities.csproj", "{6F7E85F3-FD2C-444E-9BF0-8E40E34ED7C6}"
EndProject
Project("{FAE04EC0-301F-11D3-BF4B-00C04F79EFBC}") = "BinaryDataRepositoryLIb", "BinaryDataRepositoryLIb\BinaryDataRepositoryLIb.csproj", "{89982411-9260-42FA-9789-AA772A33B3EB}"
EndProject
Project("{FAE04EC0-301F-11D3-BF4B-00C04F79EFBC}") = "ECommerceServices", "Services\ECommerceServices.csproj", "{DECCF391-8CD8-4C6F-BF07-A8FA1E49A94D}"
EndProject
Project("{FAE04EC0-301F-11D3-BF4B-00C04F79EFBC}") = "SerializationTestApp", "SerializationTestApp\SerializationTestApp.csproj", "{A3476E9B-9891-43B1-AF35-318250C76625}"
EndProject
Project("{FAE04EC0-301F-11D3-BF4B-00C04F79EFBC}") = "TestDesignPatternApp", "TestDesignPatternApp\TestDesignPatternApp.csproj", "{64F5CE0E-D55C-4360-959A-19E4C141C400}"
EndProject
Project("{FAE04EC0-301F-11D3-BF4B-00C04F79EFBC}") = "CollectionDemoApp", "CollectionDemoApp\CollectionDemoApp.csproj", "{D8022334-0FD4-4F85-A208-53CC62AD50E0}"
EndProject
Project("{9A19103F-16F7-4668-BE54-9A1E7A4F7556}") = "CoreConsoleApp", "CoreConsoleApp\CoreConsoleApp.csproj", "{F7A04BE9-9AA2-44BB-80E9-9ADE6CB66A96}"
EndProject
Project("{FAE04EC0-301F-11D3-BF4B-00C04F79EFBC}") = "MembershipTestApp", "MembershipTestApp\MembershipTestApp.csproj", "{DB035D75-B0C5-4589-811E-A6D526E6A40D}"
EndProject
Project("{FAE04EC0-301F-11D3-BF4B-00C04F79EFBC}") = "AuthWebAPI", "AuthWebAPI\AuthWebAPI.csproj", "{2F4449CF-3427-418F-93C0-B175651247BB}"
EndProject
Project("{FAE04EC0-301F-11D3-BF4B-00C04F79EFBC}") = "JsonDataRepositoryLib", "JsonDataRepositoryLib\JsonDataRepositoryLib.csproj", "{D4E99A12-4A79-4CF2-B3B2-56F76608FBE3}"
EndProject
Project("{2150E333-8FDC-42A3-9474-1A3956D46DE8}") = "Web", "Web", "{027BF7B4-D2AC-4CE5-B737-7B58EE132CAD}"
EndProject
Project("{2150E333-8FDC-42A3-9474-1A3956D46DE8}") = "Repositories", "Repositories", "{CA196CA4-D2D3-48D5-8FD4-9190DAF3DED0}"
EndProject
Project("{2150E333-8FDC-42A3-9474-1A3956D46DE8}") = "Tests", "Tests", "{0851DFE9-E120-4D4C-B4D7-29725349A224}"
EndProject
Project("{2150E333-8FDC-42A3-9474-1A3956D46DE8}") = "Features", "Features", "{C019D500-5895-43BA-9DCB-AD4D06833D96}"
EndProject
Project("{2150E333-8FDC-42A3-9474-1A3956D46DE8}") = "Services", "Services", "{63506D7E-0C27-4586-9718-97F83DB89F6C}"
EndProject
Project("{2150E333-8FDC-42A3-9474-1A3956D46DE8}") = "Entities", "Entities", "{5DAE0CE9-BC50-4367-9CD1-08B954978FA5}"
EndProject
Project("{2150E333-8FDC-42A3-9474-1A3956D46DE8}") = "Interfaces", "Interfaces", "{209EE317-C955-4160-B589-1EC409257FDC}"
EndProject
Project("{2150E333-8FDC-42A3-9474-1A3956D46DE8}") = "Data", "Data", "{3B56B3DF-CAE7-4F31-964F-5D38A8AB166D}"
	ProjectSection(SolutionItems) = preProject
		..\..\..\..\..\products.dat = ..\..\..\..\..\products.dat
		..\..\..\..\..\products.json = ..\..\..\..\..\products.json
	EndProjectSection
EndProject
Project("{FAE04EC0-301F-11D3-BF4B-00C04F79EFBC}") = "BannkingPortal", "BannkingPortal\BannkingPortal.csproj", "{1835CF4A-B343-49A5-8F7C-78F15AA36F59}"
EndProject
Project("{FAE04EC0-301F-11D3-BF4B-00C04F79EFBC}") = "HDFCBankApp", "HDFCBankApp\HDFCBankApp.csproj", "{71D5892A-39F0-4711-AD77-3C2B032AA4C5}"
EndProject
Project("{FAE04EC0-301F-11D3-BF4B-00C04F79EFBC}") = "HRPortal", "HRPortal\HRPortal.csproj", "{C46BAC13-33D8-4A20-B94D-2DC55E484DB9}"
EndProject
Project("{FAE04EC0-301F-11D3-BF4B-00C04F79EFBC}") = "TestSharedAssemblyApp", "TestSharedAssemblyApp\TestSharedAssemblyApp.csproj", "{76344CE8-B404-4B6C-A4AA-B0EC018EE927}"
EndProject
Project("{FAE04EC0-301F-11D3-BF4B-00C04F79EFBC}") = "LegacyWebApp", "LegacyWebApp\LegacyWebApp.csproj", "{090BD09F-9072-4BDF-BE49-A7850178CA53}"
EndProject
Project("{FAE04EC0-301F-11D3-BF4B-00C04F79EFBC}") = "SPAWebApp", "SPAWebApp\SPAWebApp.csproj", "{BFF4B980-B983-4EF7-90BB-911CD0E66909}"
EndProject
Project("{FAE04EC0-301F-11D3-BF4B-00C04F79EFBC}") = "MultitaskingApp", "MultitaskingApp\MultitaskingApp.csproj", "{2EAED890-CE0E-4E54-A0FE-57162F63C8CC}"
EndProject
Project("{FAE04EC0-301F-11D3-BF4B-00C04F79EFBC}") = "MutitaskAsyncApp", "MutitaskAsyncApp\MutitaskAsyncApp.csproj", "{7A084358-F592-4E24-972A-DA6D2D07552F}"
EndProject
Project("{FAE04EC0-301F-11D3-BF4B-00C04F79EFBC}") = "TaskApp", "TaskApp\TaskApp.csproj", "{1023A65C-0A7A-440F-9413-ECF4597B481D}"
EndProject
Project("{FAE04EC0-301F-11D3-BF4B-00C04F79EFBC}") = "TestWinformsApp", "TestWinformsApp\TestWinformsApp.csproj", "{CE3FF5A7-3EDE-4DBD-A94A-1230852D949A}"
EndProject
Project("{FAE04EC0-301F-11D3-BF4B-00C04F79EFBC}") = "GDIWindowsApp", "GDIWindowsApp\GDIWindowsApp.csproj", "{1487968D-1585-4DF1-8EE5-47F07073FBEC}"
EndProject
Project("{FAE04EC0-301F-11D3-BF4B-00C04F79EFBC}") = "DBTestApp", "DBTestApp\DBTestApp.csproj", "{1E6C88B9-4341-4752-8F07-625E2571190B}"
EndProject
Project("{FAE04EC0-301F-11D3-BF4B-00C04F79EFBC}") = "ECommerceDALLib", "ECommerceDALLib\ECommerceDALLib.csproj", "{B8EB18DD-929A-4071-ABAB-BA9FF98E79F5}"
EndProject
Project("{FAE04EC0-301F-11D3-BF4B-00C04F79EFBC}") = "DisConnectedTestApp", "DisConnectedTestApp\DisConnectedTestApp.csproj", "{277EFBBE-76E0-4E5A-B0D8-B0EBD58D1A7F}"
EndProject
Project("{FAE04EC0-301F-11D3-BF4B-00C04F79EFBC}") = "ORMTestApp", "ORMTestApp\ORMTestApp.csproj", "{E6375C58-06D6-4F87-85F5-FBC6634789B8}"
EndProject
Project("{FAE04EC0-301F-11D3-BF4B-00C04F79EFBC}") = "FormbasedAuthWebApp", "FormbasedAuthWebApp\FormbasedAuthWebApp.csproj", "{9238C0C1-2268-44C7-B039-5436297C5CB8}"
EndProject
Global
	GlobalSection(SolutionConfigurationPlatforms) = preSolution
		Debug|Any CPU = Debug|Any CPU
		Release|Any CPU = Release|Any CPU
	EndGlobalSection
	GlobalSection(ProjectConfigurationPlatforms) = postSolution
		{0A36CF2D-E6CB-4D7A-91B3-314E6A3A21F7}.Debug|Any CPU.ActiveCfg = Debug|Any CPU
		{0A36CF2D-E6CB-4D7A-91B3-314E6A3A21F7}.Debug|Any CPU.Build.0 = Debug|Any CPU
		{0A36CF2D-E6CB-4D7A-91B3-314E6A3A21F7}.Release|Any CPU.ActiveCfg = Release|Any CPU
		{0A36CF2D-E6CB-4D7A-91B3-314E6A3A21F7}.Release|Any CPU.Build.0 = Release|Any CPU
		{F6F6700C-CBC3-42C6-8B8E-778A091A26BB}.Debug|Any CPU.ActiveCfg = Debug|Any CPU
		{F6F6700C-CBC3-42C6-8B8E-778A091A26BB}.Debug|Any CPU.Build.0 = Debug|Any CPU
		{F6F6700C-CBC3-42C6-8B8E-778A091A26BB}.Release|Any CPU.ActiveCfg = Release|Any CPU
		{F6F6700C-CBC3-42C6-8B8E-778A091A26BB}.Release|Any CPU.Build.0 = Release|Any CPU
		{5BB6BAD0-684D-4A42-994A-256E7E4F7D99}.Debug|Any CPU.ActiveCfg = Debug|Any CPU
		{5BB6BAD0-684D-4A42-994A-256E7E4F7D99}.Debug|Any CPU.Build.0 = Debug|Any CPU
		{5BB6BAD0-684D-4A42-994A-256E7E4F7D99}.Release|Any CPU.ActiveCfg = Release|Any CPU
		{5BB6BAD0-684D-4A42-994A-256E7E4F7D99}.Release|Any CPU.Build.0 = Release|Any CPU
		{D58822B3-E77D-4887-BF83-5EE3C6A153BF}.Debug|Any CPU.ActiveCfg = Debug|Any CPU
		{D58822B3-E77D-4887-BF83-5EE3C6A153BF}.Debug|Any CPU.Build.0 = Debug|Any CPU
		{D58822B3-E77D-4887-BF83-5EE3C6A153BF}.Release|Any CPU.ActiveCfg = Release|Any CPU
		{D58822B3-E77D-4887-BF83-5EE3C6A153BF}.Release|Any CPU.Build.0 = Release|Any CPU
		{3A002612-0C45-4AA2-A94D-6666FDC3D13D}.Debug|Any CPU.ActiveCfg = Debug|Any CPU
		{3A002612-0C45-4AA2-A94D-6666FDC3D13D}.Debug|Any CPU.Build.0 = Debug|Any CPU
		{3A002612-0C45-4AA2-A94D-6666FDC3D13D}.Release|Any CPU.ActiveCfg = Release|Any CPU
		{3A002612-0C45-4AA2-A94D-6666FDC3D13D}.Release|Any CPU.Build.0 = Release|Any CPU
		{FEC1A988-701A-442F-92A4-D1AAC141A527}.Debug|Any CPU.ActiveCfg = Debug|Any CPU
		{FEC1A988-701A-442F-92A4-D1AAC141A527}.Debug|Any CPU.Build.0 = Debug|Any CPU
		{FEC1A988-701A-442F-92A4-D1AAC141A527}.Release|Any CPU.ActiveCfg = Release|Any CPU
		{FEC1A988-701A-442F-92A4-D1AAC141A527}.Release|Any CPU.Build.0 = Release|Any CPU
		{35893171-0EE1-4624-8328-9A558F448A43}.Debug|Any CPU.ActiveCfg = Debug|Any CPU
		{35893171-0EE1-4624-8328-9A558F448A43}.Debug|Any CPU.Build.0 = Debug|Any CPU
		{35893171-0EE1-4624-8328-9A558F448A43}.Release|Any CPU.ActiveCfg = Release|Any CPU
		{35893171-0EE1-4624-8328-9A558F448A43}.Release|Any CPU.Build.0 = Release|Any CPU
		{3BF02451-BAD0-4302-BF18-0049FA0DD430}.Debug|Any CPU.ActiveCfg = Debug|Any CPU
		{3BF02451-BAD0-4302-BF18-0049FA0DD430}.Debug|Any CPU.Build.0 = Debug|Any CPU
		{3BF02451-BAD0-4302-BF18-0049FA0DD430}.Release|Any CPU.ActiveCfg = Release|Any CPU
		{3BF02451-BAD0-4302-BF18-0049FA0DD430}.Release|Any CPU.Build.0 = Release|Any CPU
		{3C738099-DBFE-4F3F-961A-6C2880B3E6C9}.Debug|Any CPU.ActiveCfg = Debug|Any CPU
		{3C738099-DBFE-4F3F-961A-6C2880B3E6C9}.Debug|Any CPU.Build.0 = Debug|Any CPU
		{3C738099-DBFE-4F3F-961A-6C2880B3E6C9}.Release|Any CPU.ActiveCfg = Release|Any CPU
		{3C738099-DBFE-4F3F-961A-6C2880B3E6C9}.Release|Any CPU.Build.0 = Release|Any CPU
		{4F3A587B-1702-484D-9ACD-B86E162D854D}.Debug|Any CPU.ActiveCfg = Debug|Any CPU
		{4F3A587B-1702-484D-9ACD-B86E162D854D}.Debug|Any CPU.Build.0 = Debug|Any CPU
		{4F3A587B-1702-484D-9ACD-B86E162D854D}.Release|Any CPU.ActiveCfg = Release|Any CPU
		{4F3A587B-1702-484D-9ACD-B86E162D854D}.Release|Any CPU.Build.0 = Release|Any CPU
		{FD1D1DB8-2472-4F6F-8E44-EAE0CB730839}.Debug|Any CPU.ActiveCfg = Debug|Any CPU
		{FD1D1DB8-2472-4F6F-8E44-EAE0CB730839}.Debug|Any CPU.Build.0 = Debug|Any CPU
		{FD1D1DB8-2472-4F6F-8E44-EAE0CB730839}.Release|Any CPU.ActiveCfg = Release|Any CPU
		{FD1D1DB8-2472-4F6F-8E44-EAE0CB730839}.Release|Any CPU.Build.0 = Release|Any CPU
		{E6E2EF04-2D59-4ABD-8454-8A7DEE3A79C7}.Debug|Any CPU.ActiveCfg = Debug|Any CPU
		{E6E2EF04-2D59-4ABD-8454-8A7DEE3A79C7}.Debug|Any CPU.Build.0 = Debug|Any CPU
		{E6E2EF04-2D59-4ABD-8454-8A7DEE3A79C7}.Release|Any CPU.ActiveCfg = Release|Any CPU
		{E6E2EF04-2D59-4ABD-8454-8A7DEE3A79C7}.Release|Any CPU.Build.0 = Release|Any CPU
		{C4B3F2B3-A6DD-4764-8A11-10F407EB2611}.Debug|Any CPU.ActiveCfg = Debug|Any CPU
		{C4B3F2B3-A6DD-4764-8A11-10F407EB2611}.Debug|Any CPU.Build.0 = Debug|Any CPU
		{C4B3F2B3-A6DD-4764-8A11-10F407EB2611}.Release|Any CPU.ActiveCfg = Release|Any CPU
		{C4B3F2B3-A6DD-4764-8A11-10F407EB2611}.Release|Any CPU.Build.0 = Release|Any CPU
		{6F7E85F3-FD2C-444E-9BF0-8E40E34ED7C6}.Debug|Any CPU.ActiveCfg = Debug|Any CPU
		{6F7E85F3-FD2C-444E-9BF0-8E40E34ED7C6}.Debug|Any CPU.Build.0 = Debug|Any CPU
		{6F7E85F3-FD2C-444E-9BF0-8E40E34ED7C6}.Release|Any CPU.ActiveCfg = Release|Any CPU
		{6F7E85F3-FD2C-444E-9BF0-8E40E34ED7C6}.Release|Any CPU.Build.0 = Release|Any CPU
		{89982411-9260-42FA-9789-AA772A33B3EB}.Debug|Any CPU.ActiveCfg = Debug|Any CPU
		{89982411-9260-42FA-9789-AA772A33B3EB}.Debug|Any CPU.Build.0 = Debug|Any CPU
		{89982411-9260-42FA-9789-AA772A33B3EB}.Release|Any CPU.ActiveCfg = Release|Any CPU
		{89982411-9260-42FA-9789-AA772A33B3EB}.Release|Any CPU.Build.0 = Release|Any CPU
		{DECCF391-8CD8-4C6F-BF07-A8FA1E49A94D}.Debug|Any CPU.ActiveCfg = Debug|Any CPU
		{DECCF391-8CD8-4C6F-BF07-A8FA1E49A94D}.Debug|Any CPU.Build.0 = Debug|Any CPU
		{DECCF391-8CD8-4C6F-BF07-A8FA1E49A94D}.Release|Any CPU.ActiveCfg = Release|Any CPU
		{DECCF391-8CD8-4C6F-BF07-A8FA1E49A94D}.Release|Any CPU.Build.0 = Release|Any CPU
		{A3476E9B-9891-43B1-AF35-318250C76625}.Debug|Any CPU.ActiveCfg = Debug|Any CPU
		{A3476E9B-9891-43B1-AF35-318250C76625}.Debug|Any CPU.Build.0 = Debug|Any CPU
		{A3476E9B-9891-43B1-AF35-318250C76625}.Release|Any CPU.ActiveCfg = Release|Any CPU
		{A3476E9B-9891-43B1-AF35-318250C76625}.Release|Any CPU.Build.0 = Release|Any CPU
		{64F5CE0E-D55C-4360-959A-19E4C141C400}.Debug|Any CPU.ActiveCfg = Debug|Any CPU
		{64F5CE0E-D55C-4360-959A-19E4C141C400}.Debug|Any CPU.Build.0 = Debug|Any CPU
		{64F5CE0E-D55C-4360-959A-19E4C141C400}.Release|Any CPU.ActiveCfg = Release|Any CPU
		{64F5CE0E-D55C-4360-959A-19E4C141C400}.Release|Any CPU.Build.0 = Release|Any CPU
		{D8022334-0FD4-4F85-A208-53CC62AD50E0}.Debug|Any CPU.ActiveCfg = Debug|Any CPU
		{D8022334-0FD4-4F85-A208-53CC62AD50E0}.Debug|Any CPU.Build.0 = Debug|Any CPU
		{D8022334-0FD4-4F85-A208-53CC62AD50E0}.Release|Any CPU.ActiveCfg = Release|Any CPU
		{D8022334-0FD4-4F85-A208-53CC62AD50E0}.Release|Any CPU.Build.0 = Release|Any CPU
		{F7A04BE9-9AA2-44BB-80E9-9ADE6CB66A96}.Debug|Any CPU.ActiveCfg = Debug|Any CPU
		{F7A04BE9-9AA2-44BB-80E9-9ADE6CB66A96}.Debug|Any CPU.Build.0 = Debug|Any CPU
		{F7A04BE9-9AA2-44BB-80E9-9ADE6CB66A96}.Release|Any CPU.ActiveCfg = Release|Any CPU
		{F7A04BE9-9AA2-44BB-80E9-9ADE6CB66A96}.Release|Any CPU.Build.0 = Release|Any CPU
		{DB035D75-B0C5-4589-811E-A6D526E6A40D}.Debug|Any CPU.ActiveCfg = Debug|Any CPU
		{DB035D75-B0C5-4589-811E-A6D526E6A40D}.Debug|Any CPU.Build.0 = Debug|Any CPU
		{DB035D75-B0C5-4589-811E-A6D526E6A40D}.Release|Any CPU.ActiveCfg = Release|Any CPU
		{DB035D75-B0C5-4589-811E-A6D526E6A40D}.Release|Any CPU.Build.0 = Release|Any CPU
		{2F4449CF-3427-418F-93C0-B175651247BB}.Debug|Any CPU.ActiveCfg = Debug|Any CPU
		{2F4449CF-3427-418F-93C0-B175651247BB}.Debug|Any CPU.Build.0 = Debug|Any CPU
		{2F4449CF-3427-418F-93C0-B175651247BB}.Release|Any CPU.ActiveCfg = Release|Any CPU
		{2F4449CF-3427-418F-93C0-B175651247BB}.Release|Any CPU.Build.0 = Release|Any CPU
		{D4E99A12-4A79-4CF2-B3B2-56F76608FBE3}.Debug|Any CPU.ActiveCfg = Debug|Any CPU
		{D4E99A12-4A79-4CF2-B3B2-56F76608FBE3}.Debug|Any CPU.Build.0 = Debug|Any CPU
		{D4E99A12-4A79-4CF2-B3B2-56F76608FBE3}.Release|Any CPU.ActiveCfg = Release|Any CPU
		{D4E99A12-4A79-4CF2-B3B2-56F76608FBE3}.Release|Any CPU.Build.0 = Release|Any CPU
		{1835CF4A-B343-49A5-8F7C-78F15AA36F59}.Debug|Any CPU.ActiveCfg = Debug|Any CPU
		{1835CF4A-B343-49A5-8F7C-78F15AA36F59}.Debug|Any CPU.Build.0 = Debug|Any CPU
		{1835CF4A-B343-49A5-8F7C-78F15AA36F59}.Release|Any CPU.ActiveCfg = Release|Any CPU
		{1835CF4A-B343-49A5-8F7C-78F15AA36F59}.Release|Any CPU.Build.0 = Release|Any CPU
		{71D5892A-39F0-4711-AD77-3C2B032AA4C5}.Debug|Any CPU.ActiveCfg = Debug|Any CPU
		{71D5892A-39F0-4711-AD77-3C2B032AA4C5}.Debug|Any CPU.Build.0 = Debug|Any CPU
		{71D5892A-39F0-4711-AD77-3C2B032AA4C5}.Release|Any CPU.ActiveCfg = Release|Any CPU
		{71D5892A-39F0-4711-AD77-3C2B032AA4C5}.Release|Any CPU.Build.0 = Release|Any CPU
		{C46BAC13-33D8-4A20-B94D-2DC55E484DB9}.Debug|Any CPU.ActiveCfg = Debug|Any CPU
		{C46BAC13-33D8-4A20-B94D-2DC55E484DB9}.Debug|Any CPU.Build.0 = Debug|Any CPU
		{C46BAC13-33D8-4A20-B94D-2DC55E484DB9}.Release|Any CPU.ActiveCfg = Release|Any CPU
		{C46BAC13-33D8-4A20-B94D-2DC55E484DB9}.Release|Any CPU.Build.0 = Release|Any CPU
		{76344CE8-B404-4B6C-A4AA-B0EC018EE927}.Debug|Any CPU.ActiveCfg = Debug|Any CPU
		{76344CE8-B404-4B6C-A4AA-B0EC018EE927}.Debug|Any CPU.Build.0 = Debug|Any CPU
		{76344CE8-B404-4B6C-A4AA-B0EC018EE927}.Release|Any CPU.ActiveCfg = Release|Any CPU
		{76344CE8-B404-4B6C-A4AA-B0EC018EE927}.Release|Any CPU.Build.0 = Release|Any CPU
		{090BD09F-9072-4BDF-BE49-A7850178CA53}.Debug|Any CPU.ActiveCfg = Debug|Any CPU
		{090BD09F-9072-4BDF-BE49-A7850178CA53}.Debug|Any CPU.Build.0 = Debug|Any CPU
		{090BD09F-9072-4BDF-BE49-A7850178CA53}.Release|Any CPU.ActiveCfg = Release|Any CPU
		{090BD09F-9072-4BDF-BE49-A7850178CA53}.Release|Any CPU.Build.0 = Release|Any CPU
		{BFF4B980-B983-4EF7-90BB-911CD0E66909}.Debug|Any CPU.ActiveCfg = Debug|Any CPU
		{BFF4B980-B983-4EF7-90BB-911CD0E66909}.Debug|Any CPU.Build.0 = Debug|Any CPU
		{BFF4B980-B983-4EF7-90BB-911CD0E66909}.Release|Any CPU.ActiveCfg = Release|Any CPU
		{BFF4B980-B983-4EF7-90BB-911CD0E66909}.Release|Any CPU.Build.0 = Release|Any CPU
		{2EAED890-CE0E-4E54-A0FE-57162F63C8CC}.Debug|Any CPU.ActiveCfg = Debug|Any CPU
		{2EAED890-CE0E-4E54-A0FE-57162F63C8CC}.Debug|Any CPU.Build.0 = Debug|Any CPU
		{2EAED890-CE0E-4E54-A0FE-57162F63C8CC}.Release|Any CPU.ActiveCfg = Release|Any CPU
		{2EAED890-CE0E-4E54-A0FE-57162F63C8CC}.Release|Any CPU.Build.0 = Release|Any CPU
		{7A084358-F592-4E24-972A-DA6D2D07552F}.Debug|Any CPU.ActiveCfg = Debug|Any CPU
		{7A084358-F592-4E24-972A-DA6D2D07552F}.Debug|Any CPU.Build.0 = Debug|Any CPU
		{7A084358-F592-4E24-972A-DA6D2D07552F}.Release|Any CPU.ActiveCfg = Release|Any CPU
		{7A084358-F592-4E24-972A-DA6D2D07552F}.Release|Any CPU.Build.0 = Release|Any CPU
		{1023A65C-0A7A-440F-9413-ECF4597B481D}.Debug|Any CPU.ActiveCfg = Debug|Any CPU
		{1023A65C-0A7A-440F-9413-ECF4597B481D}.Debug|Any CPU.Build.0 = Debug|Any CPU
		{1023A65C-0A7A-440F-9413-ECF4597B481D}.Release|Any CPU.ActiveCfg = Release|Any CPU
		{1023A65C-0A7A-440F-9413-ECF4597B481D}.Release|Any CPU.Build.0 = Release|Any CPU
		{CE3FF5A7-3EDE-4DBD-A94A-1230852D949A}.Debug|Any CPU.ActiveCfg = Debug|Any CPU
		{CE3FF5A7-3EDE-4DBD-A94A-1230852D949A}.Debug|Any CPU.Build.0 = Debug|Any CPU
		{CE3FF5A7-3EDE-4DBD-A94A-1230852D949A}.Release|Any CPU.ActiveCfg = Release|Any CPU
		{CE3FF5A7-3EDE-4DBD-A94A-1230852D949A}.Release|Any CPU.Build.0 = Release|Any CPU
		{1487968D-1585-4DF1-8EE5-47F07073FBEC}.Debug|Any CPU.ActiveCfg = Debug|Any CPU
		{1487968D-1585-4DF1-8EE5-47F07073FBEC}.Debug|Any CPU.Build.0 = Debug|Any CPU
		{1487968D-1585-4DF1-8EE5-47F07073FBEC}.Release|Any CPU.ActiveCfg = Release|Any CPU
		{1487968D-1585-4DF1-8EE5-47F07073FBEC}.Release|Any CPU.Build.0 = Release|Any CPU
		{1E6C88B9-4341-4752-8F07-625E2571190B}.Debug|Any CPU.ActiveCfg = Debug|Any CPU
		{1E6C88B9-4341-4752-8F07-625E2571190B}.Debug|Any CPU.Build.0 = Debug|Any CPU
		{1E6C88B9-4341-4752-8F07-625E2571190B}.Release|Any CPU.ActiveCfg = Release|Any CPU
		{1E6C88B9-4341-4752-8F07-625E2571190B}.Release|Any CPU.Build.0 = Release|Any CPU
		{B8EB18DD-929A-4071-ABAB-BA9FF98E79F5}.Debug|Any CPU.ActiveCfg = Debug|Any CPU
		{B8EB18DD-929A-4071-ABAB-BA9FF98E79F5}.Debug|Any CPU.Build.0 = Debug|Any CPU
		{B8EB18DD-929A-4071-ABAB-BA9FF98E79F5}.Release|Any CPU.ActiveCfg = Release|Any CPU
		{B8EB18DD-929A-4071-ABAB-BA9FF98E79F5}.Release|Any CPU.Build.0 = Release|Any CPU
		{277EFBBE-76E0-4E5A-B0D8-B0EBD58D1A7F}.Debug|Any CPU.ActiveCfg = Debug|Any CPU
		{277EFBBE-76E0-4E5A-B0D8-B0EBD58D1A7F}.Debug|Any CPU.Build.0 = Debug|Any CPU
		{277EFBBE-76E0-4E5A-B0D8-B0EBD58D1A7F}.Release|Any CPU.ActiveCfg = Release|Any CPU
		{277EFBBE-76E0-4E5A-B0D8-B0EBD58D1A7F}.Release|Any CPU.Build.0 = Release|Any CPU
		{E6375C58-06D6-4F87-85F5-FBC6634789B8}.Debug|Any CPU.ActiveCfg = Debug|Any CPU
		{E6375C58-06D6-4F87-85F5-FBC6634789B8}.Debug|Any CPU.Build.0 = Debug|Any CPU
		{E6375C58-06D6-4F87-85F5-FBC6634789B8}.Release|Any CPU.ActiveCfg = Release|Any CPU
		{E6375C58-06D6-4F87-85F5-FBC6634789B8}.Release|Any CPU.Build.0 = Release|Any CPU
		{9238C0C1-2268-44C7-B039-5436297C5CB8}.Debug|Any CPU.ActiveCfg = Debug|Any CPU
		{9238C0C1-2268-44C7-B039-5436297C5CB8}.Debug|Any CPU.Build.0 = Debug|Any CPU
		{9238C0C1-2268-44C7-B039-5436297C5CB8}.Release|Any CPU.ActiveCfg = Release|Any CPU
		{9238C0C1-2268-44C7-B039-5436297C5CB8}.Release|Any CPU.Build.0 = Release|Any CPU
	EndGlobalSection
	GlobalSection(SolutionProperties) = preSolution
		HideSolutionNode = FALSE
	EndGlobalSection
	GlobalSection(NestedProjects) = preSolution
		{0A36CF2D-E6CB-4D7A-91B3-314E6A3A21F7} = {C019D500-5895-43BA-9DCB-AD4D06833D96}
		{F6F6700C-CBC3-42C6-8B8E-778A091A26BB} = {C019D500-5895-43BA-9DCB-AD4D06833D96}
		{5BB6BAD0-684D-4A42-994A-256E7E4F7D99} = {C019D500-5895-43BA-9DCB-AD4D06833D96}
		{D58822B3-E77D-4887-BF83-5EE3C6A153BF} = {0851DFE9-E120-4D4C-B4D7-29725349A224}
		{3A002612-0C45-4AA2-A94D-6666FDC3D13D} = {027BF7B4-D2AC-4CE5-B737-7B58EE132CAD}
		{FEC1A988-701A-442F-92A4-D1AAC141A527} = {C019D500-5895-43BA-9DCB-AD4D06833D96}
		{35893171-0EE1-4624-8328-9A558F448A43} = {C019D500-5895-43BA-9DCB-AD4D06833D96}
		{3BF02451-BAD0-4302-BF18-0049FA0DD430} = {0851DFE9-E120-4D4C-B4D7-29725349A224}
		{3C738099-DBFE-4F3F-961A-6C2880B3E6C9} = {C019D500-5895-43BA-9DCB-AD4D06833D96}
		{4F3A587B-1702-484D-9ACD-B86E162D854D} = {C019D500-5895-43BA-9DCB-AD4D06833D96}
		{FD1D1DB8-2472-4F6F-8E44-EAE0CB730839} = {C019D500-5895-43BA-9DCB-AD4D06833D96}
		{E6E2EF04-2D59-4ABD-8454-8A7DEE3A79C7} = {C019D500-5895-43BA-9DCB-AD4D06833D96}
		{C4B3F2B3-A6DD-4764-8A11-10F407EB2611} = {209EE317-C955-4160-B589-1EC409257FDC}
		{6F7E85F3-FD2C-444E-9BF0-8E40E34ED7C6} = {5DAE0CE9-BC50-4367-9CD1-08B954978FA5}
		{89982411-9260-42FA-9789-AA772A33B3EB} = {CA196CA4-D2D3-48D5-8FD4-9190DAF3DED0}
		{DECCF391-8CD8-4C6F-BF07-A8FA1E49A94D} = {63506D7E-0C27-4586-9718-97F83DB89F6C}
		{A3476E9B-9891-43B1-AF35-318250C76625} = {0851DFE9-E120-4D4C-B4D7-29725349A224}
		{64F5CE0E-D55C-4360-959A-19E4C141C400} = {0851DFE9-E120-4D4C-B4D7-29725349A224}
		{D8022334-0FD4-4F85-A208-53CC62AD50E0} = {0851DFE9-E120-4D4C-B4D7-29725349A224}
		{F7A04BE9-9AA2-44BB-80E9-9ADE6CB66A96} = {0851DFE9-E120-4D4C-B4D7-29725349A224}
		{DB035D75-B0C5-4589-811E-A6D526E6A40D} = {0851DFE9-E120-4D4C-B4D7-29725349A224}
		{2F4449CF-3427-418F-93C0-B175651247BB} = {027BF7B4-D2AC-4CE5-B737-7B58EE132CAD}
		{D4E99A12-4A79-4CF2-B3B2-56F76608FBE3} = {CA196CA4-D2D3-48D5-8FD4-9190DAF3DED0}
		{1835CF4A-B343-49A5-8F7C-78F15AA36F59} = {027BF7B4-D2AC-4CE5-B737-7B58EE132CAD}
		{71D5892A-39F0-4711-AD77-3C2B032AA4C5} = {027BF7B4-D2AC-4CE5-B737-7B58EE132CAD}
		{C46BAC13-33D8-4A20-B94D-2DC55E484DB9} = {027BF7B4-D2AC-4CE5-B737-7B58EE132CAD}
		{76344CE8-B404-4B6C-A4AA-B0EC018EE927} = {0851DFE9-E120-4D4C-B4D7-29725349A224}
		{090BD09F-9072-4BDF-BE49-A7850178CA53} = {027BF7B4-D2AC-4CE5-B737-7B58EE132CAD}
		{BFF4B980-B983-4EF7-90BB-911CD0E66909} = {027BF7B4-D2AC-4CE5-B737-7B58EE132CAD}
		{2EAED890-CE0E-4E54-A0FE-57162F63C8CC} = {0851DFE9-E120-4D4C-B4D7-29725349A224}
		{7A084358-F592-4E24-972A-DA6D2D07552F} = {0851DFE9-E120-4D4C-B4D7-29725349A224}
		{1023A65C-0A7A-440F-9413-ECF4597B481D} = {0851DFE9-E120-4D4C-B4D7-29725349A224}
		{CE3FF5A7-3EDE-4DBD-A94A-1230852D949A} = {0851DFE9-E120-4D4C-B4D7-29725349A224}
		{1487968D-1585-4DF1-8EE5-47F07073FBEC} = {0851DFE9-E120-4D4C-B4D7-29725349A224}
		{1E6C88B9-4341-4752-8F07-625E2571190B} = {0851DFE9-E120-4D4C-B4D7-29725349A224}
		{B8EB18DD-929A-4071-ABAB-BA9FF98E79F5} = {CA196CA4-D2D3-48D5-8FD4-9190DAF3DED0}
		{277EFBBE-76E0-4E5A-B0D8-B0EBD58D1A7F} = {0851DFE9-E120-4D4C-B4D7-29725349A224}
		{E6375C58-06D6-4F87-85F5-FBC6634789B8} = {0851DFE9-E120-4D4C-B4D7-29725349A224}
		{9238C0C1-2268-44C7-B039-5436297C5CB8} = {027BF7B4-D2AC-4CE5-B737-7B58EE132CAD}
	EndGlobalSection
	GlobalSection(ExtensibilityGlobals) = postSolution
		SolutionGuid = {09F9E268-0BA4-4291-90C6-1D38188729E4}
	EndGlobalSection
EndGlobal
