
Microsoft Visual Studio Solution File, Format Version 12.00
# Visual Studio Version 17
VisualStudioVersion = 17.10.34916.146
MinimumVisualStudioVersion = 10.0.40219.1
Project("{FAE04EC0-301F-11D3-BF4B-00C04F79EFBC}") = "Catalog", "Catalog\Catalog.csproj", "{0A36CF2D-E6CB-4D7A-91B3-314E6A3A21F7}"
EndProject
Project("{FAE04EC0-301F-11D3-BF4B-00C04F79EFBC}") = "CRM", "CRM\CRM.csproj", "{F6F6700C-CBC3-42C6-8B8E-778A091A26BB}"
EndProject
Project("{FAE04EC0-301F-11D3-BF4B-00C04F79EFBC}") = "OrderProcessing", "OrderProcessing\OrderProcessing.csproj", "{5BB6BAD0-684D-4A42-994A-256E7E4F7D99}"
EndProject
Project("{FAE04EC0-301F-11D3-BF4B-00C04F79EFBC}") = "ECommerceTest", "ECommerceTest\ECommerceTest.csproj", "{D58822B3-E77D-4887-BF83-5EE3C6A153BF}"
EndProject
Project("{FAE04EC0-301F-11D3-BF4B-00C04F79EFBC}") = "ECommerceWeb", "ECommerceWeb\ECommerceWeb.csproj", "{3A002612-0C45-4AA2-A94D-6666FDC3D13D}"
EndProject
Project("{FAE04EC0-301F-11D3-BF4B-00C04F79EFBC}") = "ShoppingCart", "ShoppingCart\ShoppingCart.csproj", "{FEC1A988-701A-442F-92A4-D1AAC141A527}"
EndProject
Project("{FAE04EC0-301F-11D3-BF4B-00C04F79EFBC}") = "Membership", "Membership\Membership.csproj", "{35893171-0EE1-4624-8328-9A558F448A43}"
EndProject
Project("{FAE04EC0-301F-11D3-BF4B-00C04F79EFBC}") = "CSharpFeatureApp", "CSharpFeatureApp\CSharpFeatureApp.csproj", "{3BF02451-BAD0-4302-BF18-0049FA0DD430}"
EndProject
Project("{FAE04EC0-301F-11D3-BF4B-00C04F79EFBC}") = "Banking", "Banking\Banking.csproj", "{3C738099-DBFE-4F3F-961A-6C2880B3E6C9}"
EndProject
Project("{FAE04EC0-301F-11D3-BF4B-00C04F79EFBC}") = "Taxation", "Taxation\Taxation.csproj", "{4F3A587B-1702-484D-9ACD-B86E162D854D}"
EndProject
Project("{FAE04EC0-301F-11D3-BF4B-00C04F79EFBC}") = "Penalty", "Penalty\Penalty.csproj", "{FD1D1DB8-2472-4F6F-8E44-EAE0CB730839}"
EndProject
Project("{FAE04EC0-301F-11D3-BF4B-00C04F79EFBC}") = "Delegation", "Delegation\Delegation.csproj", "{E6E2EF04-2D59-4ABD-8454-8A7DEE3A79C7}"
EndProject
Project("{FAE04EC0-301F-11D3-BF4B-00C04F79EFBC}") = "Specification", "Specification\Specification.csproj", "{C4B3F2B3-A6DD-4764-8A11-10F407EB2611}"
EndProject
Project("{FAE04EC0-301F-11D3-BF4B-00C04F79EFBC}") = "POCOLib", "POCOLib\POCOLib.csproj", "{6F7E85F3-FD2C-444E-9BF0-8E40E34ED7C6}"
EndProject
Project("{FAE04EC0-301F-11D3-BF4B-00C04F79EFBC}") = "BinaryDataRepositoryLIb", "BinaryDataRepositoryLIb\BinaryDataRepositoryLIb.csproj", "{89982411-9260-42FA-9789-AA772A33B3EB}"
EndProject
Project("{FAE04EC0-301F-11D3-BF4B-00C04F79EFBC}") = "Services", "Services\Services.csproj", "{DECCF391-8CD8-4C6F-BF07-A8FA1E49A94D}"
EndProject
Project("{FAE04EC0-301F-11D3-BF4B-00C04F79EFBC}") = "SerializationTestApp", "SerializationTestApp\SerializationTestApp.csproj", "{A3476E9B-9891-43B1-AF35-318250C76625}"
EndProject
Global
	GlobalSection(SolutionConfigurationPlatforms) = preSolution
		Debug|Any CPU = Debug|Any CPU
		Release|Any CPU = Release|Any CPU
	EndGlobalSection
	GlobalSection(ProjectConfigurationPlatforms) = postSolution
		{0A36CF2D-E6CB-4D7A-91B3-314E6A3A21F7}.Debug|Any CPU.ActiveCfg = Debug|Any CPU
		{0A36CF2D-E6CB-4D7A-91B3-314E6A3A21F7}.Debug|Any CPU.Build.0 = Debug|Any CPU
		{0A36CF2D-E6CB-4D7A-91B3-314E6A3A21F7}.Release|Any CPU.ActiveCfg = Release|Any CPU
		{0A36CF2D-E6CB-4D7A-91B3-314E6A3A21F7}.Release|Any CPU.Build.0 = Release|Any CPU
		{F6F6700C-CBC3-42C6-8B8E-778A091A26BB}.Debug|Any CPU.ActiveCfg = Debug|Any CPU
		{F6F6700C-CBC3-42C6-8B8E-778A091A26BB}.Debug|Any CPU.Build.0 = Debug|Any CPU
		{F6F6700C-CBC3-42C6-8B8E-778A091A26BB}.Release|Any CPU.ActiveCfg = Release|Any CPU
		{F6F6700C-CBC3-42C6-8B8E-778A091A26BB}.Release|Any CPU.Build.0 = Release|Any CPU
		{5BB6BAD0-684D-4A42-994A-256E7E4F7D99}.Debug|Any CPU.ActiveCfg = Debug|Any CPU
		{5BB6BAD0-684D-4A42-994A-256E7E4F7D99}.Debug|Any CPU.Build.0 = Debug|Any CPU
		{5BB6BAD0-684D-4A42-994A-256E7E4F7D99}.Release|Any CPU.ActiveCfg = Release|Any CPU
		{5BB6BAD0-684D-4A42-994A-256E7E4F7D99}.Release|Any CPU.Build.0 = Release|Any CPU
		{D58822B3-E77D-4887-BF83-5EE3C6A153BF}.Debug|Any CPU.ActiveCfg = Debug|Any CPU
		{D58822B3-E77D-4887-BF83-5EE3C6A153BF}.Debug|Any CPU.Build.0 = Debug|Any CPU
		{D58822B3-E77D-4887-BF83-5EE3C6A153BF}.Release|Any CPU.ActiveCfg = Release|Any CPU
		{D58822B3-E77D-4887-BF83-5EE3C6A153BF}.Release|Any CPU.Build.0 = Release|Any CPU
		{3A002612-0C45-4AA2-A94D-6666FDC3D13D}.Debug|Any CPU.ActiveCfg = Debug|Any CPU
		{3A002612-0C45-4AA2-A94D-6666FDC3D13D}.Debug|Any CPU.Build.0 = Debug|Any CPU
		{3A002612-0C45-4AA2-A94D-6666FDC3D13D}.Release|Any CPU.ActiveCfg = Release|Any CPU
		{3A002612-0C45-4AA2-A94D-6666FDC3D13D}.Release|Any CPU.Build.0 = Release|Any CPU
		{FEC1A988-701A-442F-92A4-D1AAC141A527}.Debug|Any CPU.ActiveCfg = Debug|Any CPU
		{FEC1A988-701A-442F-92A4-D1AAC141A527}.Debug|Any CPU.Build.0 = Debug|Any CPU
		{FEC1A988-701A-442F-92A4-D1AAC141A527}.Release|Any CPU.ActiveCfg = Release|Any CPU
		{FEC1A988-701A-442F-92A4-D1AAC141A527}.Release|Any CPU.Build.0 = Release|Any CPU
		{35893171-0EE1-4624-8328-9A558F448A43}.Debug|Any CPU.ActiveCfg = Debug|Any CPU
		{35893171-0EE1-4624-8328-9A558F448A43}.Debug|Any CPU.Build.0 = Debug|Any CPU
		{35893171-0EE1-4624-8328-9A558F448A43}.Release|Any CPU.ActiveCfg = Release|Any CPU
		{35893171-0EE1-4624-8328-9A558F448A43}.Release|Any CPU.Build.0 = Release|Any CPU
		{3BF02451-BAD0-4302-BF18-0049FA0DD430}.Debug|Any CPU.ActiveCfg = Debug|Any CPU
		{3BF02451-BAD0-4302-BF18-0049FA0DD430}.Debug|Any CPU.Build.0 = Debug|Any CPU
		{3BF02451-BAD0-4302-BF18-0049FA0DD430}.Release|Any CPU.ActiveCfg = Release|Any CPU
		{3BF02451-BAD0-4302-BF18-0049FA0DD430}.Release|Any CPU.Build.0 = Release|Any CPU
		{3C738099-DBFE-4F3F-961A-6C2880B3E6C9}.Debug|Any CPU.ActiveCfg = Debug|Any CPU
		{3C738099-DBFE-4F3F-961A-6C2880B3E6C9}.Debug|Any CPU.Build.0 = Debug|Any CPU
		{3C738099-DBFE-4F3F-961A-6C2880B3E6C9}.Release|Any CPU.ActiveCfg = Release|Any CPU
		{3C738099-DBFE-4F3F-961A-6C2880B3E6C9}.Release|Any CPU.Build.0 = Release|Any CPU
		{4F3A587B-1702-484D-9ACD-B86E162D854D}.Debug|Any CPU.ActiveCfg = Debug|Any CPU
		{4F3A587B-1702-484D-9ACD-B86E162D854D}.Debug|Any CPU.Build.0 = Debug|Any CPU
		{4F3A587B-1702-484D-9ACD-B86E162D854D}.Release|Any CPU.ActiveCfg = Release|Any CPU
		{4F3A587B-1702-484D-9ACD-B86E162D854D}.Release|Any CPU.Build.0 = Release|Any CPU
		{FD1D1DB8-2472-4F6F-8E44-EAE0CB730839}.Debug|Any CPU.ActiveCfg = Debug|Any CPU
		{FD1D1DB8-2472-4F6F-8E44-EAE0CB730839}.Debug|Any CPU.Build.0 = Debug|Any CPU
		{FD1D1DB8-2472-4F6F-8E44-EAE0CB730839}.Release|Any CPU.ActiveCfg = Release|Any CPU
		{FD1D1DB8-2472-4F6F-8E44-EAE0CB730839}.Release|Any CPU.Build.0 = Release|Any CPU
		{E6E2EF04-2D59-4ABD-8454-8A7DEE3A79C7}.Debug|Any CPU.ActiveCfg = Debug|Any CPU
		{E6E2EF04-2D59-4ABD-8454-8A7DEE3A79C7}.Debug|Any CPU.Build.0 = Debug|Any CPU
		{E6E2EF04-2D59-4ABD-8454-8A7DEE3A79C7}.Release|Any CPU.ActiveCfg = Release|Any CPU
		{E6E2EF04-2D59-4ABD-8454-8A7DEE3A79C7}.Release|Any CPU.Build.0 = Release|Any CPU
		{C4B3F2B3-A6DD-4764-8A11-10F407EB2611}.Debug|Any CPU.ActiveCfg = Debug|Any CPU
		{C4B3F2B3-A6DD-4764-8A11-10F407EB2611}.Debug|Any CPU.Build.0 = Debug|Any CPU
		{C4B3F2B3-A6DD-4764-8A11-10F407EB2611}.Release|Any CPU.ActiveCfg = Release|Any CPU
		{C4B3F2B3-A6DD-4764-8A11-10F407EB2611}.Release|Any CPU.Build.0 = Release|Any CPU
		{6F7E85F3-FD2C-444E-9BF0-8E40E34ED7C6}.Debug|Any CPU.ActiveCfg = Debug|Any CPU
		{6F7E85F3-FD2C-444E-9BF0-8E40E34ED7C6}.Debug|Any CPU.Build.0 = Debug|Any CPU
		{6F7E85F3-FD2C-444E-9BF0-8E40E34ED7C6}.Release|Any CPU.ActiveCfg = Release|Any CPU
		{6F7E85F3-FD2C-444E-9BF0-8E40E34ED7C6}.Release|Any CPU.Build.0 = Release|Any CPU
		{89982411-9260-42FA-9789-AA772A33B3EB}.Debug|Any CPU.ActiveCfg = Debug|Any CPU
		{89982411-9260-42FA-9789-AA772A33B3EB}.Debug|Any CPU.Build.0 = Debug|Any CPU
		{89982411-9260-42FA-9789-AA772A33B3EB}.Release|Any CPU.ActiveCfg = Release|Any CPU
		{89982411-9260-42FA-9789-AA772A33B3EB}.Release|Any CPU.Build.0 = Release|Any CPU
		{DECCF391-8CD8-4C6F-BF07-A8FA1E49A94D}.Debug|Any CPU.ActiveCfg = Debug|Any CPU
		{DECCF391-8CD8-4C6F-BF07-A8FA1E49A94D}.Debug|Any CPU.Build.0 = Debug|Any CPU
		{DECCF391-8CD8-4C6F-BF07-A8FA1E49A94D}.Release|Any CPU.ActiveCfg = Release|Any CPU
		{DECCF391-8CD8-4C6F-BF07-A8FA1E49A94D}.Release|Any CPU.Build.0 = Release|Any CPU
		{A3476E9B-9891-43B1-AF35-318250C76625}.Debug|Any CPU.ActiveCfg = Debug|Any CPU
		{A3476E9B-9891-43B1-AF35-318250C76625}.Debug|Any CPU.Build.0 = Debug|Any CPU
		{A3476E9B-9891-43B1-AF35-318250C76625}.Release|Any CPU.ActiveCfg = Release|Any CPU
		{A3476E9B-9891-43B1-AF35-318250C76625}.Release|Any CPU.Build.0 = Release|Any CPU
	EndGlobalSection
	GlobalSection(SolutionProperties) = preSolution
		HideSolutionNode = FALSE
	EndGlobalSection
	GlobalSection(ExtensibilityGlobals) = postSolution
		SolutionGuid = {09F9E268-0BA4-4291-90C6-1D38188729E4}
	EndGlobalSection
EndGlobal
