
Microsoft Visual Studio Solution File, Format Version 12.00
# Visual Studio Version 17
VisualStudioVersion = 17.12.35514.174
MinimumVisualStudioVersion = 10.0.40219.1
Project("{FAE04EC0-301F-11D3-BF4B-00C04F79EFBC}") = "TryWebAppMVC", "TryWebAppMVC\TryWebAppMVC.csproj", "{820811D7-894F-4073-9F34-C4501878A71F}"
EndProject
Project("{FAE04EC0-301F-11D3-BF4B-00C04F79EFBC}") = "TryWebAPI", "TryWebAPI\TryWebAPI.csproj", "{A49CCD97-D591-4AD9-AE7E-C7BDB93DEA97}"
EndProject
Project("{FAE04EC0-301F-11D3-BF4B-00C04F79EFBC}") = "TryModuleFilterApp", "TryModuleFilterApp\TryModuleFilterApp.csproj", "{74123E6F-7C1D-4963-B814-92DC09339F60}"
EndProject
Project("{FAE04EC0-301F-11D3-BF4B-00C04F79EFBC}") = "CodeFirstApproachTest", "CodeFirstApproachTest\CodeFirstApproachTest.csproj", "{DD2B9EBB-C1D0-4E65-B4D7-9224D8E1FA26}"
EndProject
Global
	GlobalSection(SolutionConfigurationPlatforms) = preSolution
		Debug|Any CPU = Debug|Any CPU
		Release|Any CPU = Release|Any CPU
	EndGlobalSection
	GlobalSection(ProjectConfigurationPlatforms) = postSolution
		{820811D7-894F-4073-9F34-C4501878A71F}.Debug|Any CPU.ActiveCfg = Debug|Any CPU
		{820811D7-894F-4073-9F34-C4501878A71F}.Debug|Any CPU.Build.0 = Debug|Any CPU
		{820811D7-894F-4073-9F34-C4501878A71F}.Release|Any CPU.ActiveCfg = Release|Any CPU
		{820811D7-894F-4073-9F34-C4501878A71F}.Release|Any CPU.Build.0 = Release|Any CPU
		{A49CCD97-D591-4AD9-AE7E-C7BDB93DEA97}.Debug|Any CPU.ActiveCfg = Debug|Any CPU
		{A49CCD97-D591-4AD9-AE7E-C7BDB93DEA97}.Debug|Any CPU.Build.0 = Debug|Any CPU
		{A49CCD97-D591-4AD9-AE7E-C7BDB93DEA97}.Release|Any CPU.ActiveCfg = Release|Any CPU
		{A49CCD97-D591-4AD9-AE7E-C7BDB93DEA97}.Release|Any CPU.Build.0 = Release|Any CPU
		{74123E6F-7C1D-4963-B814-92DC09339F60}.Debug|Any CPU.ActiveCfg = Debug|Any CPU
		{74123E6F-7C1D-4963-B814-92DC09339F60}.Debug|Any CPU.Build.0 = Debug|Any CPU
		{74123E6F-7C1D-4963-B814-92DC09339F60}.Release|Any CPU.ActiveCfg = Release|Any CPU
		{74123E6F-7C1D-4963-B814-92DC09339F60}.Release|Any CPU.Build.0 = Release|Any CPU
		{DD2B9EBB-C1D0-4E65-B4D7-9224D8E1FA26}.Debug|Any CPU.ActiveCfg = Debug|Any CPU
		{DD2B9EBB-C1D0-4E65-B4D7-9224D8E1FA26}.Debug|Any CPU.Build.0 = Debug|Any CPU
		{DD2B9EBB-C1D0-4E65-B4D7-9224D8E1FA26}.Release|Any CPU.ActiveCfg = Release|Any CPU
		{DD2B9EBB-C1D0-4E65-B4D7-9224D8E1FA26}.Release|Any CPU.Build.0 = Release|Any CPU
	EndGlobalSection
	GlobalSection(SolutionProperties) = preSolution
		HideSolutionNode = FALSE
	EndGlobalSection
EndGlobal
