
Microsoft Visual Studio Solution File, Format Version 12.00
# Visual Studio Version 17
VisualStudioVersion = 17.10.34916.146
MinimumVisualStudioVersion = 10.0.40219.1
Project("{2150E333-8FDC-42A3-9474-1A3956D46DE8}") = "Web", "Web", "{027BF7B4-D2AC-4CE5-B737-7B58EE132CAD}"
EndProject
Project("{FAE04EC0-301F-11D3-BF4B-00C04F79EFBC}") = "VijaySalesPortal", "VijaySalesPortal\VijaySalesPortal.csproj", "{D07D4963-99CE-4330-863B-3217211D0AA7}"
EndProject
Project("{FAE04EC0-301F-11D3-BF4B-00C04F79EFBC}") = "OrderProcessingTestApp", "OrderProcessingTestApp\OrderProcessingTestApp.csproj", "{EBB2A814-D36B-4FCA-82BD-E8B18BDB86D6}"
EndProject
Project("{2150E333-8FDC-42A3-9474-1A3956D46DE8}") = "Dependencies", "Dependencies", "{67FAAE2A-D9CC-4023-9FFF-96C268A1AD81}"
EndProject
Project("{2150E333-8FDC-42A3-9474-1A3956D46DE8}") = "Test", "Test", "{652F46DE-F325-4770-A0F0-10D635CDF910}"
EndProject
Project("{FAE04EC0-301F-11D3-BF4B-00C04F79EFBC}") = "OrdersProcessing", "OrdersProcessing\OrdersProcessing.csproj", "{0DFD67F9-4987-475E-ADB0-43ECE6D6F32E}"
EndProject
Project("{FAE04EC0-301F-11D3-BF4B-00C04F79EFBC}") = "VijaySalesAPI", "VijaySalesAPI\VijaySalesAPI.csproj", "{F903D1BF-B62E-4C8C-AB39-387D54DBBF89}"
EndProject
Global
	GlobalSection(SolutionConfigurationPlatforms) = preSolution
		Debug|Any CPU = Debug|Any CPU
		Release|Any CPU = Release|Any CPU
	EndGlobalSection
	GlobalSection(ProjectConfigurationPlatforms) = postSolution
		{D07D4963-99CE-4330-863B-3217211D0AA7}.Debug|Any CPU.ActiveCfg = Debug|Any CPU
		{D07D4963-99CE-4330-863B-3217211D0AA7}.Debug|Any CPU.Build.0 = Debug|Any CPU
		{D07D4963-99CE-4330-863B-3217211D0AA7}.Release|Any CPU.ActiveCfg = Release|Any CPU
		{D07D4963-99CE-4330-863B-3217211D0AA7}.Release|Any CPU.Build.0 = Release|Any CPU
		{EBB2A814-D36B-4FCA-82BD-E8B18BDB86D6}.Debug|Any CPU.ActiveCfg = Debug|Any CPU
		{EBB2A814-D36B-4FCA-82BD-E8B18BDB86D6}.Debug|Any CPU.Build.0 = Debug|Any CPU
		{EBB2A814-D36B-4FCA-82BD-E8B18BDB86D6}.Release|Any CPU.ActiveCfg = Release|Any CPU
		{EBB2A814-D36B-4FCA-82BD-E8B18BDB86D6}.Release|Any CPU.Build.0 = Release|Any CPU
		{0DFD67F9-4987-475E-ADB0-43ECE6D6F32E}.Debug|Any CPU.ActiveCfg = Debug|Any CPU
		{0DFD67F9-4987-475E-ADB0-43ECE6D6F32E}.Debug|Any CPU.Build.0 = Debug|Any CPU
		{0DFD67F9-4987-475E-ADB0-43ECE6D6F32E}.Release|Any CPU.ActiveCfg = Release|Any CPU
		{0DFD67F9-4987-475E-ADB0-43ECE6D6F32E}.Release|Any CPU.Build.0 = Release|Any CPU
		{F903D1BF-B62E-4C8C-AB39-387D54DBBF89}.Debug|Any CPU.ActiveCfg = Debug|Any CPU
		{F903D1BF-B62E-4C8C-AB39-387D54DBBF89}.Debug|Any CPU.Build.0 = Debug|Any CPU
		{F903D1BF-B62E-4C8C-AB39-387D54DBBF89}.Release|Any CPU.ActiveCfg = Release|Any CPU
		{F903D1BF-B62E-4C8C-AB39-387D54DBBF89}.Release|Any CPU.Build.0 = Release|Any CPU
	EndGlobalSection
	GlobalSection(SolutionProperties) = preSolution
		HideSolutionNode = FALSE
	EndGlobalSection
	GlobalSection(NestedProjects) = preSolution
		{D07D4963-99CE-4330-863B-3217211D0AA7} = {027BF7B4-D2AC-4CE5-B737-7B58EE132CAD}
		{EBB2A814-D36B-4FCA-82BD-E8B18BDB86D6} = {652F46DE-F325-4770-A0F0-10D635CDF910}
		{0DFD67F9-4987-475E-ADB0-43ECE6D6F32E} = {67FAAE2A-D9CC-4023-9FFF-96C268A1AD81}
		{F903D1BF-B62E-4C8C-AB39-387D54DBBF89} = {027BF7B4-D2AC-4CE5-B737-7B58EE132CAD}
	EndGlobalSection
	GlobalSection(ExtensibilityGlobals) = postSolution
		SolutionGuid = {09F9E268-0BA4-4291-90C6-1D38188729E4}
	EndGlobalSection
EndGlobal
