
Microsoft Visual Studio Solution File, Format Version 12.00
# Visual Studio Version 17
VisualStudioVersion = 17.10.34916.146
MinimumVisualStudioVersion = 10.0.40219.1
Project("{2150E333-8FDC-42A3-9474-1A3956D46DE8}") = "Web", "Web", "{027BF7B4-D2AC-4CE5-B737-7B58EE132CAD}"
EndProject
Project("{FAE04EC0-301F-11D3-BF4B-00C04F79EFBC}") = "VijaySalesPortal", "VijaySalesPortal\VijaySalesPortal.csproj", "{D07D4963-99CE-4330-863B-3217211D0AA7}"
EndProject
Project("{FAE04EC0-301F-11D3-BF4B-00C04F79EFBC}") = "OrderProcessingTestApp", "OrderProcessingTestApp\OrderProcessingTestApp.csproj", "{EBB2A814-D36B-4FCA-82BD-E8B18BDB86D6}"
EndProject
Project("{2150E333-8FDC-42A3-9474-1A3956D46DE8}") = "Dependencies", "Dependencies", "{67FAAE2A-D9CC-4023-9FFF-96C268A1AD81}"
EndProject
Project("{2150E333-8FDC-42A3-9474-1A3956D46DE8}") = "Test", "Test", "{652F46DE-F325-4770-A0F0-10D635CDF910}"
EndProject
Project("{FAE04EC0-301F-11D3-BF4B-00C04F79EFBC}") = "OrdersProcessing", "OrdersProcessing\OrdersProcessing.csproj", "{0DFD67F9-4987-475E-ADB0-43ECE6D6F32E}"
EndProject
Project("{FAE04EC0-301F-11D3-BF4B-00C04F79EFBC}") = "ShoppingCart", "ShoppingCart\ShoppingCart.csproj", "{D5F628FB-19C9-45EB-9A1D-CA629F0DE1BB}"
EndProject
Project("{FAE04EC0-301F-11D3-BF4B-00C04F79EFBC}") = "Catalog", "Catalog\Catalog.csproj", "{716F59FC-F8F7-4150-B7BC-9D8EF4EF08F9}"
EndProject
Project("{FAE04EC0-301F-11D3-BF4B-00C04F79EFBC}") = "Shipment", "Shipment\Shipment.csproj", "{5E813D94-5C9B-4710-A6EF-3DA01381E0C2}"
EndProject
Project("{FAE04EC0-301F-11D3-BF4B-00C04F79EFBC}") = "CRM", "CRM\CRM.csproj", "{1103CD1D-AD9E-4B6A-868D-9DAB6F71EDBF}"
EndProject
Project("{FAE04EC0-301F-11D3-BF4B-00C04F79EFBC}") = "PaymentProcessing", "PaymentProcessing\PaymentProcessing.csproj", "{30831A0B-0000-4A1A-800F-F9EE65AE67F0}"
EndProject
Project("{FAE04EC0-301F-11D3-BF4B-00C04F79EFBC}") = "Membership", "Membership\Membership.csproj", "{2ED9F74E-0981-48E2-B7F1-93EE503B191A}"
EndProject
Project("{FAE04EC0-301F-11D3-BF4B-00C04F79EFBC}") = "ShipmentTestApp", "ShipmentTestApp\ShipmentTestApp.csproj", "{98172D74-C6FD-41AD-9E74-B81F4E9A7F5C}"
EndProject
Project("{FAE04EC0-301F-11D3-BF4B-00C04F79EFBC}") = "ProductCatalogTestApp", "ProductCatalogTestApp\ProductCatalogTestApp.csproj", "{E7805D2D-CCB4-45BE-A6CA-674E28CE48B3}"
EndProject
Project("{FAE04EC0-301F-11D3-BF4B-00C04F79EFBC}") = "TestWebAPI", "TestWebAPI\TestWebAPI.csproj", "{ED980A09-0F01-4829-99D4-4C53FFD7BBD3}"
EndProject
Project("{FAE04EC0-301F-11D3-BF4B-00C04F79EFBC}") = "VijaySalesAPI", "VijaySalesAPI\VijaySalesAPI.csproj", "{F903D1BF-B62E-4C8C-AB39-387D54DBBF89}"
EndProject
Project("{FAE04EC0-301F-11D3-BF4B-00C04F79EFBC}") = "VijaySalesSOA", "VijaySalesSOA\VijaySalesSOA.csproj", "{DAD24431-7B9C-4EB6-90BA-697B1EE68B01}"
EndProject
Project("{FAE04EC0-301F-11D3-BF4B-00C04F79EFBC}") = "VijaySalesPortalSOA", "VijaySalesPortalSOA\VijaySalesPortalSOA.csproj", "{CD54B644-E3C0-4F20-990E-679B48F3C105}"
EndProject
Project("{FAE04EC0-301F-11D3-BF4B-00C04F79EFBC}") = "CodeFirstApproachTest", "CodeFirstApproachTest\CodeFirstApproachTest.csproj", "{08A5652F-3DAC-4FEC-A0E2-CFAB5A93BDA6}"
EndProject
Global
	GlobalSection(SolutionConfigurationPlatforms) = preSolution
		Debug|Any CPU = Debug|Any CPU
		Release|Any CPU = Release|Any CPU
	EndGlobalSection
	GlobalSection(ProjectConfigurationPlatforms) = postSolution
		{D07D4963-99CE-4330-863B-3217211D0AA7}.Debug|Any CPU.ActiveCfg = Debug|Any CPU
		{D07D4963-99CE-4330-863B-3217211D0AA7}.Debug|Any CPU.Build.0 = Debug|Any CPU
		{D07D4963-99CE-4330-863B-3217211D0AA7}.Release|Any CPU.ActiveCfg = Release|Any CPU
		{D07D4963-99CE-4330-863B-3217211D0AA7}.Release|Any CPU.Build.0 = Release|Any CPU
		{EBB2A814-D36B-4FCA-82BD-E8B18BDB86D6}.Debug|Any CPU.ActiveCfg = Debug|Any CPU
		{EBB2A814-D36B-4FCA-82BD-E8B18BDB86D6}.Debug|Any CPU.Build.0 = Debug|Any CPU
		{EBB2A814-D36B-4FCA-82BD-E8B18BDB86D6}.Release|Any CPU.ActiveCfg = Release|Any CPU
		{EBB2A814-D36B-4FCA-82BD-E8B18BDB86D6}.Release|Any CPU.Build.0 = Release|Any CPU
		{0DFD67F9-4987-475E-ADB0-43ECE6D6F32E}.Debug|Any CPU.ActiveCfg = Debug|Any CPU
		{0DFD67F9-4987-475E-ADB0-43ECE6D6F32E}.Debug|Any CPU.Build.0 = Debug|Any CPU
		{0DFD67F9-4987-475E-ADB0-43ECE6D6F32E}.Release|Any CPU.ActiveCfg = Release|Any CPU
		{0DFD67F9-4987-475E-ADB0-43ECE6D6F32E}.Release|Any CPU.Build.0 = Release|Any CPU
		{D5F628FB-19C9-45EB-9A1D-CA629F0DE1BB}.Debug|Any CPU.ActiveCfg = Debug|Any CPU
		{D5F628FB-19C9-45EB-9A1D-CA629F0DE1BB}.Debug|Any CPU.Build.0 = Debug|Any CPU
		{D5F628FB-19C9-45EB-9A1D-CA629F0DE1BB}.Release|Any CPU.ActiveCfg = Release|Any CPU
		{D5F628FB-19C9-45EB-9A1D-CA629F0DE1BB}.Release|Any CPU.Build.0 = Release|Any CPU
		{716F59FC-F8F7-4150-B7BC-9D8EF4EF08F9}.Debug|Any CPU.ActiveCfg = Debug|Any CPU
		{716F59FC-F8F7-4150-B7BC-9D8EF4EF08F9}.Debug|Any CPU.Build.0 = Debug|Any CPU
		{716F59FC-F8F7-4150-B7BC-9D8EF4EF08F9}.Release|Any CPU.ActiveCfg = Release|Any CPU
		{716F59FC-F8F7-4150-B7BC-9D8EF4EF08F9}.Release|Any CPU.Build.0 = Release|Any CPU
		{5E813D94-5C9B-4710-A6EF-3DA01381E0C2}.Debug|Any CPU.ActiveCfg = Debug|Any CPU
		{5E813D94-5C9B-4710-A6EF-3DA01381E0C2}.Debug|Any CPU.Build.0 = Debug|Any CPU
		{5E813D94-5C9B-4710-A6EF-3DA01381E0C2}.Release|Any CPU.ActiveCfg = Release|Any CPU
		{5E813D94-5C9B-4710-A6EF-3DA01381E0C2}.Release|Any CPU.Build.0 = Release|Any CPU
		{1103CD1D-AD9E-4B6A-868D-9DAB6F71EDBF}.Debug|Any CPU.ActiveCfg = Debug|Any CPU
		{1103CD1D-AD9E-4B6A-868D-9DAB6F71EDBF}.Debug|Any CPU.Build.0 = Debug|Any CPU
		{1103CD1D-AD9E-4B6A-868D-9DAB6F71EDBF}.Release|Any CPU.ActiveCfg = Release|Any CPU
		{1103CD1D-AD9E-4B6A-868D-9DAB6F71EDBF}.Release|Any CPU.Build.0 = Release|Any CPU
		{30831A0B-0000-4A1A-800F-F9EE65AE67F0}.Debug|Any CPU.ActiveCfg = Debug|Any CPU
		{30831A0B-0000-4A1A-800F-F9EE65AE67F0}.Debug|Any CPU.Build.0 = Debug|Any CPU
		{30831A0B-0000-4A1A-800F-F9EE65AE67F0}.Release|Any CPU.ActiveCfg = Release|Any CPU
		{30831A0B-0000-4A1A-800F-F9EE65AE67F0}.Release|Any CPU.Build.0 = Release|Any CPU
		{2ED9F74E-0981-48E2-B7F1-93EE503B191A}.Debug|Any CPU.ActiveCfg = Debug|Any CPU
		{2ED9F74E-0981-48E2-B7F1-93EE503B191A}.Debug|Any CPU.Build.0 = Debug|Any CPU
		{2ED9F74E-0981-48E2-B7F1-93EE503B191A}.Release|Any CPU.ActiveCfg = Release|Any CPU
		{2ED9F74E-0981-48E2-B7F1-93EE503B191A}.Release|Any CPU.Build.0 = Release|Any CPU
		{98172D74-C6FD-41AD-9E74-B81F4E9A7F5C}.Debug|Any CPU.ActiveCfg = Debug|Any CPU
		{98172D74-C6FD-41AD-9E74-B81F4E9A7F5C}.Debug|Any CPU.Build.0 = Debug|Any CPU
		{98172D74-C6FD-41AD-9E74-B81F4E9A7F5C}.Release|Any CPU.ActiveCfg = Release|Any CPU
		{98172D74-C6FD-41AD-9E74-B81F4E9A7F5C}.Release|Any CPU.Build.0 = Release|Any CPU
		{E7805D2D-CCB4-45BE-A6CA-674E28CE48B3}.Debug|Any CPU.ActiveCfg = Debug|Any CPU
		{E7805D2D-CCB4-45BE-A6CA-674E28CE48B3}.Debug|Any CPU.Build.0 = Debug|Any CPU
		{E7805D2D-CCB4-45BE-A6CA-674E28CE48B3}.Release|Any CPU.ActiveCfg = Release|Any CPU
		{E7805D2D-CCB4-45BE-A6CA-674E28CE48B3}.Release|Any CPU.Build.0 = Release|Any CPU
		{ED980A09-0F01-4829-99D4-4C53FFD7BBD3}.Debug|Any CPU.ActiveCfg = Debug|Any CPU
		{ED980A09-0F01-4829-99D4-4C53FFD7BBD3}.Debug|Any CPU.Build.0 = Debug|Any CPU
		{ED980A09-0F01-4829-99D4-4C53FFD7BBD3}.Release|Any CPU.ActiveCfg = Release|Any CPU
		{ED980A09-0F01-4829-99D4-4C53FFD7BBD3}.Release|Any CPU.Build.0 = Release|Any CPU
		{F903D1BF-B62E-4C8C-AB39-387D54DBBF89}.Debug|Any CPU.ActiveCfg = Debug|Any CPU
		{F903D1BF-B62E-4C8C-AB39-387D54DBBF89}.Debug|Any CPU.Build.0 = Debug|Any CPU
		{F903D1BF-B62E-4C8C-AB39-387D54DBBF89}.Release|Any CPU.ActiveCfg = Release|Any CPU
		{F903D1BF-B62E-4C8C-AB39-387D54DBBF89}.Release|Any CPU.Build.0 = Release|Any CPU
		{DAD24431-7B9C-4EB6-90BA-697B1EE68B01}.Debug|Any CPU.ActiveCfg = Debug|Any CPU
		{DAD24431-7B9C-4EB6-90BA-697B1EE68B01}.Debug|Any CPU.Build.0 = Debug|Any CPU
		{DAD24431-7B9C-4EB6-90BA-697B1EE68B01}.Release|Any CPU.ActiveCfg = Release|Any CPU
		{DAD24431-7B9C-4EB6-90BA-697B1EE68B01}.Release|Any CPU.Build.0 = Release|Any CPU
		{CD54B644-E3C0-4F20-990E-679B48F3C105}.Debug|Any CPU.ActiveCfg = Debug|Any CPU
		{CD54B644-E3C0-4F20-990E-679B48F3C105}.Debug|Any CPU.Build.0 = Debug|Any CPU
		{CD54B644-E3C0-4F20-990E-679B48F3C105}.Release|Any CPU.ActiveCfg = Release|Any CPU
		{CD54B644-E3C0-4F20-990E-679B48F3C105}.Release|Any CPU.Build.0 = Release|Any CPU
		{08A5652F-3DAC-4FEC-A0E2-CFAB5A93BDA6}.Debug|Any CPU.ActiveCfg = Debug|Any CPU
		{08A5652F-3DAC-4FEC-A0E2-CFAB5A93BDA6}.Debug|Any CPU.Build.0 = Debug|Any CPU
		{08A5652F-3DAC-4FEC-A0E2-CFAB5A93BDA6}.Release|Any CPU.ActiveCfg = Release|Any CPU
		{08A5652F-3DAC-4FEC-A0E2-CFAB5A93BDA6}.Release|Any CPU.Build.0 = Release|Any CPU
	EndGlobalSection
	GlobalSection(SolutionProperties) = preSolution
		HideSolutionNode = FALSE
	EndGlobalSection
	GlobalSection(NestedProjects) = preSolution
		{D07D4963-99CE-4330-863B-3217211D0AA7} = {027BF7B4-D2AC-4CE5-B737-7B58EE132CAD}
		{EBB2A814-D36B-4FCA-82BD-E8B18BDB86D6} = {652F46DE-F325-4770-A0F0-10D635CDF910}
		{0DFD67F9-4987-475E-ADB0-43ECE6D6F32E} = {67FAAE2A-D9CC-4023-9FFF-96C268A1AD81}
		{D5F628FB-19C9-45EB-9A1D-CA629F0DE1BB} = {67FAAE2A-D9CC-4023-9FFF-96C268A1AD81}
		{716F59FC-F8F7-4150-B7BC-9D8EF4EF08F9} = {67FAAE2A-D9CC-4023-9FFF-96C268A1AD81}
		{5E813D94-5C9B-4710-A6EF-3DA01381E0C2} = {67FAAE2A-D9CC-4023-9FFF-96C268A1AD81}
		{1103CD1D-AD9E-4B6A-868D-9DAB6F71EDBF} = {67FAAE2A-D9CC-4023-9FFF-96C268A1AD81}
		{30831A0B-0000-4A1A-800F-F9EE65AE67F0} = {67FAAE2A-D9CC-4023-9FFF-96C268A1AD81}
		{2ED9F74E-0981-48E2-B7F1-93EE503B191A} = {67FAAE2A-D9CC-4023-9FFF-96C268A1AD81}
		{98172D74-C6FD-41AD-9E74-B81F4E9A7F5C} = {652F46DE-F325-4770-A0F0-10D635CDF910}
		{E7805D2D-CCB4-45BE-A6CA-674E28CE48B3} = {652F46DE-F325-4770-A0F0-10D635CDF910}
		{ED980A09-0F01-4829-99D4-4C53FFD7BBD3} = {652F46DE-F325-4770-A0F0-10D635CDF910}
		{F903D1BF-B62E-4C8C-AB39-387D54DBBF89} = {027BF7B4-D2AC-4CE5-B737-7B58EE132CAD}
		{DAD24431-7B9C-4EB6-90BA-697B1EE68B01} = {027BF7B4-D2AC-4CE5-B737-7B58EE132CAD}
		{CD54B644-E3C0-4F20-990E-679B48F3C105} = {027BF7B4-D2AC-4CE5-B737-7B58EE132CAD}
		{08A5652F-3DAC-4FEC-A0E2-CFAB5A93BDA6} = {652F46DE-F325-4770-A0F0-10D635CDF910}
	EndGlobalSection
	GlobalSection(ExtensibilityGlobals) = postSolution
		SolutionGuid = {09F9E268-0BA4-4291-90C6-1D38188729E4}
	EndGlobalSection
EndGlobal
